{
  "object": {
    "pins": [
      {
        "package": "KeychainSwift",
        "repositoryURL": "https://github.com/evgenyneu/keychain-swift.git",
        "state": {
          "branch": null,
          "revision": "96fb84f45a96630e7583903bd7e08cf095c7a7ef",
          "version": "19.0.0"
        }
      },
      {
        "package": "SwiftUICharts",
        "repositoryURL": "https://github.com/mecid/SwiftUICharts.git",
        "state": {
          "branch": null,
          "revision": "710dcd93d6ba9997ae360f9b6f33ebb223f42595",
          "version": "0.3.1"
        }
      }
    ]
  },
  "version": 1
}
