{
  "object": {
    "pins": [
      {
        "package": "CalendarHeatmap",
        "repositoryURL": "https://github.com/Zacharysp/CalendarHeatmap",
        "state": {
          "branch": "master",
          "revision": "dac4e0094d32ef8f4c59fecf6ed978b7b6b8d3e3",
          "version": null
        }
      },
      {
        "package": "KeychainSwift",
        "repositoryURL": "https://github.com/evgenyneu/keychain-swift.git",
        "state": {
          "branch": null,
          "revision": "96fb84f45a96630e7583903bd7e08cf095c7a7ef",
          "version": "19.0.0"
        }
      },
      {
        "package": "SwiftUICharts",
        "repositoryURL": "https://github.com/mecid/SwiftUICharts.git",
        "state": {
          "branch": null,
          "revision": "6cacb77e8d3e0a9ed1d09ce9a19ba057c95ce529",
          "version": "0.5.2"
        }
      }
    ]
  },
  "version": 1
}
