// !$*UTF8*$!
{
	archiveVersion = 1;
	classes = {
	};
	objectVersion = 52;
	objects = {

/* Begin PBXBuildFile section */
		3A0458D624996F2400366F10 /* AccountResponse.swift in Sources */ = {isa = PBXBuildFile; fileRef = 3A0458D524996F2400366F10 /* AccountResponse.swift */; };
		3A0458D82499775300366F10 /* AccountViewModel.swift in Sources */ = {isa = PBXBuildFile; fileRef = 3A0458D72499775300366F10 /* AccountViewModel.swift */; };
		3A0458DB249977CD00366F10 /* AccountSegmentView.swift in Sources */ = {isa = PBXBuildFile; fileRef = 3A0458DA249977CD00366F10 /* AccountSegmentView.swift */; };
		3A0458DD2499780100366F10 /* ShareSheet.swift in Sources */ = {isa = PBXBuildFile; fileRef = 3A0458DC2499780100366F10 /* ShareSheet.swift */; };
		3A0458DF2499862900366F10 /* DateHelpers.swift in Sources */ = {isa = PBXBuildFile; fileRef = 3A0458DE2499862900366F10 /* DateHelpers.swift */; };
		3A0458E324998A6E00366F10 /* CurrencyHelpers.swift in Sources */ = {isa = PBXBuildFile; fileRef = 3A0458E224998A6E00366F10 /* CurrencyHelpers.swift */; };
		3A0458E52499C16B00366F10 /* SearchBar.swift in Sources */ = {isa = PBXBuildFile; fileRef = 3A0458E42499C16B00366F10 /* SearchBar.swift */; };
		3A0458E72499C24E00366F10 /* SearchViewModel.swift in Sources */ = {isa = PBXBuildFile; fileRef = 3A0458E62499C24E00366F10 /* SearchViewModel.swift */; };
		3A0458EA2499C37400366F10 /* ProductResponse.swift in Sources */ = {isa = PBXBuildFile; fileRef = 3A0458E92499C37400366F10 /* ProductResponse.swift */; };
		3A0458EC2499CC1100366F10 /* products.json in Resources */ = {isa = PBXBuildFile; fileRef = 3A0458EB2499CC1100366F10 /* products.json */; };
		3A0458EE2499CEBE00366F10 /* SearchRow.swift in Sources */ = {isa = PBXBuildFile; fileRef = 3A0458ED2499CEBE00366F10 /* SearchRow.swift */; };
		3A0458F02499D07200366F10 /* SearchDetailView.swift in Sources */ = {isa = PBXBuildFile; fileRef = 3A0458EF2499D07200366F10 /* SearchDetailView.swift */; };
		3A0458F2249C9B0400366F10 /* ImageLoader.swift in Sources */ = {isa = PBXBuildFile; fileRef = 3A0458F1249C9B0400366F10 /* ImageLoader.swift */; };
		3A0458F4249CA37F00366F10 /* SettingsSegmentView.swift in Sources */ = {isa = PBXBuildFile; fileRef = 3A0458F3249CA37F00366F10 /* SettingsSegmentView.swift */; };
		3A0458F6249CA3B100366F10 /* AccountView.swift in Sources */ = {isa = PBXBuildFile; fileRef = 3A0458F5249CA3B100366F10 /* AccountView.swift */; };
		3A0458F8249D5E7C00366F10 /* Binding.swift in Sources */ = {isa = PBXBuildFile; fileRef = 3A0458F7249D5E7C00366F10 /* Binding.swift */; };
		3A0458FA249D634400366F10 /* AlertsViewModel.swift in Sources */ = {isa = PBXBuildFile; fileRef = 3A0458F9249D634400366F10 /* AlertsViewModel.swift */; };
		3A0458FC249DC8E300366F10 /* Encodable.swift in Sources */ = {isa = PBXBuildFile; fileRef = 3A0458FB249DC8E300366F10 /* Encodable.swift */; };
		3A0458FE249E11BC00366F10 /* OrderingStrategyView.swift in Sources */ = {isa = PBXBuildFile; fileRef = 3A0458FD249E11BC00366F10 /* OrderingStrategyView.swift */; };
		3A045900249E13DE00366F10 /* OrderingStrategyViewModel.swift in Sources */ = {isa = PBXBuildFile; fileRef = 3A0458FF249E13DE00366F10 /* OrderingStrategyViewModel.swift */; };
		3A1C332F24C20ACA00411A5E /* App.swift in Sources */ = {isa = PBXBuildFile; fileRef = 3A1C332E24C20ACA00411A5E /* App.swift */; };
		3A46478A24AD1CE500B9D4B5 /* ScaleView.swift in Sources */ = {isa = PBXBuildFile; fileRef = 3A46478924AD1CE500B9D4B5 /* ScaleView.swift */; };
		3A6A950424C13F410053DF8C /* ListModifiers.swift in Sources */ = {isa = PBXBuildFile; fileRef = 3A6A950324C13F410053DF8C /* ListModifiers.swift */; };
		3A6A97DA252E63240071DBB9 /* SwiftUICharts in Frameworks */ = {isa = PBXBuildFile; productRef = 3A6A97D9252E63240071DBB9 /* SwiftUICharts */; };
		3A73055B24D36DC700E71882 /* AutomaticOrderingToggle.swift in Sources */ = {isa = PBXBuildFile; fileRef = 3A73055A24D36DC700E71882 /* AutomaticOrderingToggle.swift */; };
		3A858C9624AD05B900F535D2 /* NoOrdersView.swift in Sources */ = {isa = PBXBuildFile; fileRef = 3A858C9524AD05B900F535D2 /* NoOrdersView.swift */; };
		3AD926962491547E000AEFC8 /* LoggedInTabsView.swift in Sources */ = {isa = PBXBuildFile; fileRef = 3AD926952491547E000AEFC8 /* LoggedInTabsView.swift */; };
		3AD926982491547F000AEFC8 /* Assets.xcassets in Resources */ = {isa = PBXBuildFile; fileRef = 3AD926972491547F000AEFC8 /* Assets.xcassets */; };
		3AD9269B2491547F000AEFC8 /* Preview Assets.xcassets in Resources */ = {isa = PBXBuildFile; fileRef = 3AD9269A2491547F000AEFC8 /* Preview Assets.xcassets */; };
		3AD926A824915576000AEFC8 /* LoginView.swift in Sources */ = {isa = PBXBuildFile; fileRef = 3AD926A724915576000AEFC8 /* LoginView.swift */; };
		3AD926AA249155BF000AEFC8 /* RootView.swift in Sources */ = {isa = PBXBuildFile; fileRef = 3AD926A9249155BF000AEFC8 /* RootView.swift */; };
		3AD926AD24915621000AEFC8 /* TextModifiers.swift in Sources */ = {isa = PBXBuildFile; fileRef = 3AD926AC24915621000AEFC8 /* TextModifiers.swift */; };
		3AD926AF24915649000AEFC8 /* ButtonViews.swift in Sources */ = {isa = PBXBuildFile; fileRef = 3AD926AE24915649000AEFC8 /* ButtonViews.swift */; };
		3AD926B124915679000AEFC8 /* Colors.swift in Sources */ = {isa = PBXBuildFile; fileRef = 3AD926B024915679000AEFC8 /* Colors.swift */; };
		3AD926B5249156B0000AEFC8 /* KeyboardObserver.swift in Sources */ = {isa = PBXBuildFile; fileRef = 3AD926B4249156B0000AEFC8 /* KeyboardObserver.swift */; };
		3AD926BA24915774000AEFC8 /* Store.swift in Sources */ = {isa = PBXBuildFile; fileRef = 3AD926B924915774000AEFC8 /* Store.swift */; };
		3AD926C124917121000AEFC8 /* UIApplication.swift in Sources */ = {isa = PBXBuildFile; fileRef = 3AD926C024917121000AEFC8 /* UIApplication.swift */; };
		3AD926C32491714A000AEFC8 /* View.swift in Sources */ = {isa = PBXBuildFile; fileRef = 3AD926C22491714A000AEFC8 /* View.swift */; };
		3AD926C524917360000AEFC8 /* KeyboardResign.swift in Sources */ = {isa = PBXBuildFile; fileRef = 3AD926C424917360000AEFC8 /* KeyboardResign.swift */; };
		3AD926C82491C70A000AEFC8 /* LoginViewModel.swift in Sources */ = {isa = PBXBuildFile; fileRef = 3AD926C72491C70A000AEFC8 /* LoginViewModel.swift */; };
		3AD926CB2491CA7A000AEFC8 /* KeychainSwift in Frameworks */ = {isa = PBXBuildFile; productRef = 3AD926CA2491CA7A000AEFC8 /* KeychainSwift */; };
		3AD926CD2491CCE1000AEFC8 /* PasswordField.swift in Sources */ = {isa = PBXBuildFile; fileRef = 3AD926CC2491CCE1000AEFC8 /* PasswordField.swift */; };
		3AD926D22491E3B8000AEFC8 /* LoginResponse.swift in Sources */ = {isa = PBXBuildFile; fileRef = 3AD926D12491E3B8000AEFC8 /* LoginResponse.swift */; };
		3AD926D6249311F1000AEFC8 /* URLs.swift in Sources */ = {isa = PBXBuildFile; fileRef = 3AD926D5249311F1000AEFC8 /* URLs.swift */; };
		3AD926D924932904000AEFC8 /* AuthKeys.swift in Sources */ = {isa = PBXBuildFile; fileRef = 3AD926D824932904000AEFC8 /* AuthKeys.swift */; };
		3AD926DB24932955000AEFC8 /* AuthenticationManager.swift in Sources */ = {isa = PBXBuildFile; fileRef = 3AD926DA24932955000AEFC8 /* AuthenticationManager.swift */; };
		3AD926DD24932998000AEFC8 /* FormValidation.swift in Sources */ = {isa = PBXBuildFile; fileRef = 3AD926DC24932998000AEFC8 /* FormValidation.swift */; };
		3AD926DF249329CD000AEFC8 /* User.swift in Sources */ = {isa = PBXBuildFile; fileRef = 3AD926DE249329CD000AEFC8 /* User.swift */; };
		3AD926E3249330F4000AEFC8 /* WelcomeView.swift in Sources */ = {isa = PBXBuildFile; fileRef = 3AD926E2249330F4000AEFC8 /* WelcomeView.swift */; };
		3AD926E824935419000AEFC8 /* SharedTextField.swift in Sources */ = {isa = PBXBuildFile; fileRef = 3AD926E724935419000AEFC8 /* SharedTextField.swift */; };
		3AD926EC24942009000AEFC8 /* ErrorLoginResponse.swift in Sources */ = {isa = PBXBuildFile; fileRef = 3AD926EB24942009000AEFC8 /* ErrorLoginResponse.swift */; };
		3AD926F124942C4A000AEFC8 /* OrdersView.swift in Sources */ = {isa = PBXBuildFile; fileRef = 3AD926F024942C4A000AEFC8 /* OrdersView.swift */; };
		3AD926F324942D0B000AEFC8 /* DataView.swift in Sources */ = {isa = PBXBuildFile; fileRef = 3AD926F224942D0B000AEFC8 /* DataView.swift */; };
		3AD926F524942D40000AEFC8 /* SearchView.swift in Sources */ = {isa = PBXBuildFile; fileRef = 3AD926F424942D40000AEFC8 /* SearchView.swift */; };
		3AD926FA24943500000AEFC8 /* InTransitionResponse.swift in Sources */ = {isa = PBXBuildFile; fileRef = 3AD926F924943500000AEFC8 /* InTransitionResponse.swift */; };
		3AD926FC2496BE87000AEFC8 /* InTransitionViewModel.swift in Sources */ = {isa = PBXBuildFile; fileRef = 3AD926FB2496BE87000AEFC8 /* InTransitionViewModel.swift */; };
		3AD926FE2496FCE4000AEFC8 /* InProgressOrder.swift in Sources */ = {isa = PBXBuildFile; fileRef = 3AD926FD2496FCE4000AEFC8 /* InProgressOrder.swift */; };
		3AD9270824972CB1000AEFC8 /* String.swift in Sources */ = {isa = PBXBuildFile; fileRef = 3AD9270724972CB1000AEFC8 /* String.swift */; };
		3AD9270B24973EEC000AEFC8 /* in-transition.json in Resources */ = {isa = PBXBuildFile; fileRef = 3AD9270A24973EEC000AEFC8 /* in-transition.json */; };
		3AD9270D24973FE1000AEFC8 /* MockData.swift in Sources */ = {isa = PBXBuildFile; fileRef = 3AD9270C24973FE1000AEFC8 /* MockData.swift */; };
		3AD927152497F629000AEFC8 /* PastOrder.swift in Sources */ = {isa = PBXBuildFile; fileRef = 3AD927142497F629000AEFC8 /* PastOrder.swift */; };
		3AD927172497F6F9000AEFC8 /* UpNextOrder.swift in Sources */ = {isa = PBXBuildFile; fileRef = 3AD927162497F6F9000AEFC8 /* UpNextOrder.swift */; };
		3AD9271B2497F84F000AEFC8 /* UpNextResponse.swift in Sources */ = {isa = PBXBuildFile; fileRef = 3AD9271A2497F84F000AEFC8 /* UpNextResponse.swift */; };
		3AD9271D2497FCAA000AEFC8 /* UpNextViewModel.swift in Sources */ = {isa = PBXBuildFile; fileRef = 3AD9271C2497FCAA000AEFC8 /* UpNextViewModel.swift */; };
		3AD9271F249801CD000AEFC8 /* up-next.json in Resources */ = {isa = PBXBuildFile; fileRef = 3AD9271E249801CD000AEFC8 /* up-next.json */; };
		3AD92722249810E9000AEFC8 /* OrdersResponse.swift in Sources */ = {isa = PBXBuildFile; fileRef = 3AD92721249810E9000AEFC8 /* OrdersResponse.swift */; };
		3AD9272424981A5A000AEFC8 /* orders.json in Resources */ = {isa = PBXBuildFile; fileRef = 3AD9272324981A5A000AEFC8 /* orders.json */; };
		3AD9272624981A85000AEFC8 /* OrdersViewModel.swift in Sources */ = {isa = PBXBuildFile; fileRef = 3AD9272524981A85000AEFC8 /* OrdersViewModel.swift */; };
		3AD9272A24985D41000AEFC8 /* RecordsViewModel.swift in Sources */ = {isa = PBXBuildFile; fileRef = 3AD9272924985D40000AEFC8 /* RecordsViewModel.swift */; };
		3AD9272D24985DF7000AEFC8 /* RecordsResponse.swift in Sources */ = {isa = PBXBuildFile; fileRef = 3AD9272C24985DF7000AEFC8 /* RecordsResponse.swift */; };
		3AD927322498ACB7000AEFC8 /* records.json in Resources */ = {isa = PBXBuildFile; fileRef = 3AD927312498ACB7000AEFC8 /* records.json */; };
		3AD927342498B8B4000AEFC8 /* ScaleResponse.swift in Sources */ = {isa = PBXBuildFile; fileRef = 3AD927332498B8B4000AEFC8 /* ScaleResponse.swift */; };
		3AD927362498B954000AEFC8 /* ScaleViewModel.swift in Sources */ = {isa = PBXBuildFile; fileRef = 3AD927352498B954000AEFC8 /* ScaleViewModel.swift */; };
		3AD9273924995D2E000AEFC8 /* FreeBag.swift in Sources */ = {isa = PBXBuildFile; fileRef = 3AD9273824995D2E000AEFC8 /* FreeBag.swift */; };
		3AD9273C24996010000AEFC8 /* CreditsResponse.swift in Sources */ = {isa = PBXBuildFile; fileRef = 3AD9273B24996010000AEFC8 /* CreditsResponse.swift */; };
		3AD9273E24996059000AEFC8 /* CreditsViewModel.swift in Sources */ = {isa = PBXBuildFile; fileRef = 3AD9273D24996059000AEFC8 /* CreditsViewModel.swift */; };
		3AE00E0125462EC3001D0454 /* OrderDetailView.swift in Sources */ = {isa = PBXBuildFile; fileRef = 3AE00E0025462EC3001D0454 /* OrderDetailView.swift */; };
		3AF296B2249E17D2004BADE8 /* ListSettingsPicker.swift in Sources */ = {isa = PBXBuildFile; fileRef = 3AF296B1249E17D2004BADE8 /* ListSettingsPicker.swift */; };
		3AF296B4249E17E1004BADE8 /* ToggleSettingsPicker.swift in Sources */ = {isa = PBXBuildFile; fileRef = 3AF296B3249E17E1004BADE8 /* ToggleSettingsPicker.swift */; };
		3AF296B6249E27E2004BADE8 /* AutomaticOrderingView.swift in Sources */ = {isa = PBXBuildFile; fileRef = 3AF296B5249E27E2004BADE8 /* AutomaticOrderingView.swift */; };
		3AF296BA249EDEA6004BADE8 /* PauseAccountViewModel.swift in Sources */ = {isa = PBXBuildFile; fileRef = 3AF296B9249EDEA6004BADE8 /* PauseAccountViewModel.swift */; };
		3AF296BC249F69E7004BADE8 /* AlertsView.swift in Sources */ = {isa = PBXBuildFile; fileRef = 3AF296BB249F69E7004BADE8 /* AlertsView.swift */; };
		3AF4FC6624C8E65700A61940 /* LoggedInSidebar.swift in Sources */ = {isa = PBXBuildFile; fileRef = 3AF4FC6524C8E65700A61940 /* LoggedInSidebar.swift */; };
		3AF4FC6824C9150E00A61940 /* NavItems.swift in Sources */ = {isa = PBXBuildFile; fileRef = 3AF4FC6724C9150E00A61940 /* NavItems.swift */; };
/* End PBXBuildFile section */

/* Begin PBXFileReference section */
		3A0458D524996F2400366F10 /* AccountResponse.swift */ = {isa = PBXFileReference; lastKnownFileType = sourcecode.swift; path = AccountResponse.swift; sourceTree = "<group>"; };
		3A0458D72499775300366F10 /* AccountViewModel.swift */ = {isa = PBXFileReference; lastKnownFileType = sourcecode.swift; path = AccountViewModel.swift; sourceTree = "<group>"; };
		3A0458DA249977CD00366F10 /* AccountSegmentView.swift */ = {isa = PBXFileReference; lastKnownFileType = sourcecode.swift; path = AccountSegmentView.swift; sourceTree = "<group>"; };
		3A0458DC2499780100366F10 /* ShareSheet.swift */ = {isa = PBXFileReference; lastKnownFileType = sourcecode.swift; path = ShareSheet.swift; sourceTree = "<group>"; };
		3A0458DE2499862900366F10 /* DateHelpers.swift */ = {isa = PBXFileReference; lastKnownFileType = sourcecode.swift; path = DateHelpers.swift; sourceTree = "<group>"; };
		3A0458E224998A6E00366F10 /* CurrencyHelpers.swift */ = {isa = PBXFileReference; lastKnownFileType = sourcecode.swift; path = CurrencyHelpers.swift; sourceTree = "<group>"; };
		3A0458E42499C16B00366F10 /* SearchBar.swift */ = {isa = PBXFileReference; lastKnownFileType = sourcecode.swift; path = SearchBar.swift; sourceTree = "<group>"; };
		3A0458E62499C24E00366F10 /* SearchViewModel.swift */ = {isa = PBXFileReference; lastKnownFileType = sourcecode.swift; path = SearchViewModel.swift; sourceTree = "<group>"; };
		3A0458E92499C37400366F10 /* ProductResponse.swift */ = {isa = PBXFileReference; lastKnownFileType = sourcecode.swift; path = ProductResponse.swift; sourceTree = "<group>"; };
		3A0458EB2499CC1100366F10 /* products.json */ = {isa = PBXFileReference; lastKnownFileType = text.json; path = products.json; sourceTree = "<group>"; };
		3A0458ED2499CEBE00366F10 /* SearchRow.swift */ = {isa = PBXFileReference; lastKnownFileType = sourcecode.swift; path = SearchRow.swift; sourceTree = "<group>"; };
		3A0458EF2499D07200366F10 /* SearchDetailView.swift */ = {isa = PBXFileReference; lastKnownFileType = sourcecode.swift; path = SearchDetailView.swift; sourceTree = "<group>"; };
		3A0458F1249C9B0400366F10 /* ImageLoader.swift */ = {isa = PBXFileReference; lastKnownFileType = sourcecode.swift; path = ImageLoader.swift; sourceTree = "<group>"; };
		3A0458F3249CA37F00366F10 /* SettingsSegmentView.swift */ = {isa = PBXFileReference; lastKnownFileType = sourcecode.swift; path = SettingsSegmentView.swift; sourceTree = "<group>"; };
		3A0458F5249CA3B100366F10 /* AccountView.swift */ = {isa = PBXFileReference; lastKnownFileType = sourcecode.swift; path = AccountView.swift; sourceTree = "<group>"; };
		3A0458F7249D5E7C00366F10 /* Binding.swift */ = {isa = PBXFileReference; lastKnownFileType = sourcecode.swift; path = Binding.swift; sourceTree = "<group>"; };
		3A0458F9249D634400366F10 /* AlertsViewModel.swift */ = {isa = PBXFileReference; lastKnownFileType = sourcecode.swift; path = AlertsViewModel.swift; sourceTree = "<group>"; };
		3A0458FB249DC8E300366F10 /* Encodable.swift */ = {isa = PBXFileReference; lastKnownFileType = sourcecode.swift; path = Encodable.swift; sourceTree = "<group>"; };
		3A0458FD249E11BC00366F10 /* OrderingStrategyView.swift */ = {isa = PBXFileReference; lastKnownFileType = sourcecode.swift; path = OrderingStrategyView.swift; sourceTree = "<group>"; };
		3A0458FF249E13DE00366F10 /* OrderingStrategyViewModel.swift */ = {isa = PBXFileReference; lastKnownFileType = sourcecode.swift; path = OrderingStrategyViewModel.swift; sourceTree = "<group>"; };
		3A1C332E24C20ACA00411A5E /* App.swift */ = {isa = PBXFileReference; lastKnownFileType = sourcecode.swift; path = App.swift; sourceTree = "<group>"; };
		3A1C333624C20E9300411A5E /* info.plist */ = {isa = PBXFileReference; lastKnownFileType = text.plist.xml; name = info.plist; path = ../info.plist; sourceTree = "<group>"; };
		3A46478924AD1CE500B9D4B5 /* ScaleView.swift */ = {isa = PBXFileReference; lastKnownFileType = sourcecode.swift; path = ScaleView.swift; sourceTree = "<group>"; };
		3A6A950324C13F410053DF8C /* ListModifiers.swift */ = {isa = PBXFileReference; lastKnownFileType = sourcecode.swift; path = ListModifiers.swift; sourceTree = "<group>"; };
		3A73055A24D36DC700E71882 /* AutomaticOrderingToggle.swift */ = {isa = PBXFileReference; lastKnownFileType = sourcecode.swift; path = AutomaticOrderingToggle.swift; sourceTree = "<group>"; };
		3A858C9524AD05B900F535D2 /* NoOrdersView.swift */ = {isa = PBXFileReference; lastKnownFileType = sourcecode.swift; path = NoOrdersView.swift; sourceTree = "<group>"; };
		3AD9268E2491547E000AEFC8 /* Bottomless.app */ = {isa = PBXFileReference; explicitFileType = wrapper.application; includeInIndex = 0; path = Bottomless.app; sourceTree = BUILT_PRODUCTS_DIR; };
		3AD926952491547E000AEFC8 /* LoggedInTabsView.swift */ = {isa = PBXFileReference; lastKnownFileType = sourcecode.swift; path = LoggedInTabsView.swift; sourceTree = "<group>"; };
		3AD926972491547F000AEFC8 /* Assets.xcassets */ = {isa = PBXFileReference; lastKnownFileType = folder.assetcatalog; path = Assets.xcassets; sourceTree = "<group>"; };
		3AD9269A2491547F000AEFC8 /* Preview Assets.xcassets */ = {isa = PBXFileReference; lastKnownFileType = folder.assetcatalog; path = "Preview Assets.xcassets"; sourceTree = "<group>"; };
		3AD926A724915576000AEFC8 /* LoginView.swift */ = {isa = PBXFileReference; lastKnownFileType = sourcecode.swift; path = LoginView.swift; sourceTree = "<group>"; };
		3AD926A9249155BF000AEFC8 /* RootView.swift */ = {isa = PBXFileReference; lastKnownFileType = sourcecode.swift; path = RootView.swift; sourceTree = "<group>"; };
		3AD926AC24915621000AEFC8 /* TextModifiers.swift */ = {isa = PBXFileReference; lastKnownFileType = sourcecode.swift; path = TextModifiers.swift; sourceTree = "<group>"; };
		3AD926AE24915649000AEFC8 /* ButtonViews.swift */ = {isa = PBXFileReference; lastKnownFileType = sourcecode.swift; path = ButtonViews.swift; sourceTree = "<group>"; };
		3AD926B024915679000AEFC8 /* Colors.swift */ = {isa = PBXFileReference; lastKnownFileType = sourcecode.swift; path = Colors.swift; sourceTree = "<group>"; };
		3AD926B4249156B0000AEFC8 /* KeyboardObserver.swift */ = {isa = PBXFileReference; lastKnownFileType = sourcecode.swift; path = KeyboardObserver.swift; sourceTree = "<group>"; };
		3AD926B924915774000AEFC8 /* Store.swift */ = {isa = PBXFileReference; lastKnownFileType = sourcecode.swift; path = Store.swift; sourceTree = "<group>"; };
		3AD926C024917121000AEFC8 /* UIApplication.swift */ = {isa = PBXFileReference; lastKnownFileType = sourcecode.swift; path = UIApplication.swift; sourceTree = "<group>"; };
		3AD926C22491714A000AEFC8 /* View.swift */ = {isa = PBXFileReference; lastKnownFileType = sourcecode.swift; path = View.swift; sourceTree = "<group>"; };
		3AD926C424917360000AEFC8 /* KeyboardResign.swift */ = {isa = PBXFileReference; lastKnownFileType = sourcecode.swift; path = KeyboardResign.swift; sourceTree = "<group>"; };
		3AD926C72491C70A000AEFC8 /* LoginViewModel.swift */ = {isa = PBXFileReference; lastKnownFileType = sourcecode.swift; path = LoginViewModel.swift; sourceTree = "<group>"; };
		3AD926CC2491CCE1000AEFC8 /* PasswordField.swift */ = {isa = PBXFileReference; lastKnownFileType = sourcecode.swift; path = PasswordField.swift; sourceTree = "<group>"; };
		3AD926D12491E3B8000AEFC8 /* LoginResponse.swift */ = {isa = PBXFileReference; lastKnownFileType = sourcecode.swift; path = LoginResponse.swift; sourceTree = "<group>"; };
		3AD926D5249311F1000AEFC8 /* URLs.swift */ = {isa = PBXFileReference; lastKnownFileType = sourcecode.swift; path = URLs.swift; sourceTree = "<group>"; };
		3AD926D824932904000AEFC8 /* AuthKeys.swift */ = {isa = PBXFileReference; lastKnownFileType = sourcecode.swift; path = AuthKeys.swift; sourceTree = "<group>"; };
		3AD926DA24932955000AEFC8 /* AuthenticationManager.swift */ = {isa = PBXFileReference; lastKnownFileType = sourcecode.swift; path = AuthenticationManager.swift; sourceTree = "<group>"; };
		3AD926DC24932998000AEFC8 /* FormValidation.swift */ = {isa = PBXFileReference; lastKnownFileType = sourcecode.swift; path = FormValidation.swift; sourceTree = "<group>"; };
		3AD926DE249329CD000AEFC8 /* User.swift */ = {isa = PBXFileReference; lastKnownFileType = sourcecode.swift; path = User.swift; sourceTree = "<group>"; };
		3AD926E2249330F4000AEFC8 /* WelcomeView.swift */ = {isa = PBXFileReference; lastKnownFileType = sourcecode.swift; path = WelcomeView.swift; sourceTree = "<group>"; };
		3AD926E724935419000AEFC8 /* SharedTextField.swift */ = {isa = PBXFileReference; lastKnownFileType = sourcecode.swift; path = SharedTextField.swift; sourceTree = "<group>"; };
		3AD926EB24942009000AEFC8 /* ErrorLoginResponse.swift */ = {isa = PBXFileReference; fileEncoding = 4; lastKnownFileType = sourcecode.swift; path = ErrorLoginResponse.swift; sourceTree = "<group>"; };
		3AD926F024942C4A000AEFC8 /* OrdersView.swift */ = {isa = PBXFileReference; lastKnownFileType = sourcecode.swift; path = OrdersView.swift; sourceTree = "<group>"; };
		3AD926F224942D0B000AEFC8 /* DataView.swift */ = {isa = PBXFileReference; lastKnownFileType = sourcecode.swift; path = DataView.swift; sourceTree = "<group>"; };
		3AD926F424942D40000AEFC8 /* SearchView.swift */ = {isa = PBXFileReference; lastKnownFileType = sourcecode.swift; path = SearchView.swift; sourceTree = "<group>"; };
		3AD926F924943500000AEFC8 /* InTransitionResponse.swift */ = {isa = PBXFileReference; lastKnownFileType = sourcecode.swift; path = InTransitionResponse.swift; sourceTree = "<group>"; };
		3AD926FB2496BE87000AEFC8 /* InTransitionViewModel.swift */ = {isa = PBXFileReference; lastKnownFileType = sourcecode.swift; path = InTransitionViewModel.swift; sourceTree = "<group>"; };
		3AD926FD2496FCE4000AEFC8 /* InProgressOrder.swift */ = {isa = PBXFileReference; lastKnownFileType = sourcecode.swift; path = InProgressOrder.swift; sourceTree = "<group>"; };
		3AD9270724972CB1000AEFC8 /* String.swift */ = {isa = PBXFileReference; lastKnownFileType = sourcecode.swift; path = String.swift; sourceTree = "<group>"; };
		3AD9270A24973EEC000AEFC8 /* in-transition.json */ = {isa = PBXFileReference; lastKnownFileType = text.json; path = "in-transition.json"; sourceTree = "<group>"; };
		3AD9270C24973FE1000AEFC8 /* MockData.swift */ = {isa = PBXFileReference; lastKnownFileType = sourcecode.swift; path = MockData.swift; sourceTree = "<group>"; };
		3AD927142497F629000AEFC8 /* PastOrder.swift */ = {isa = PBXFileReference; lastKnownFileType = sourcecode.swift; path = PastOrder.swift; sourceTree = "<group>"; };
		3AD927162497F6F9000AEFC8 /* UpNextOrder.swift */ = {isa = PBXFileReference; lastKnownFileType = sourcecode.swift; path = UpNextOrder.swift; sourceTree = "<group>"; };
		3AD9271A2497F84F000AEFC8 /* UpNextResponse.swift */ = {isa = PBXFileReference; lastKnownFileType = sourcecode.swift; path = UpNextResponse.swift; sourceTree = "<group>"; };
		3AD9271C2497FCAA000AEFC8 /* UpNextViewModel.swift */ = {isa = PBXFileReference; lastKnownFileType = sourcecode.swift; path = UpNextViewModel.swift; sourceTree = "<group>"; };
		3AD9271E249801CD000AEFC8 /* up-next.json */ = {isa = PBXFileReference; lastKnownFileType = text.json; path = "up-next.json"; sourceTree = "<group>"; };
		3AD92721249810E9000AEFC8 /* OrdersResponse.swift */ = {isa = PBXFileReference; lastKnownFileType = sourcecode.swift; path = OrdersResponse.swift; sourceTree = "<group>"; };
		3AD9272324981A5A000AEFC8 /* orders.json */ = {isa = PBXFileReference; lastKnownFileType = text.json; path = orders.json; sourceTree = "<group>"; };
		3AD9272524981A85000AEFC8 /* OrdersViewModel.swift */ = {isa = PBXFileReference; lastKnownFileType = sourcecode.swift; path = OrdersViewModel.swift; sourceTree = "<group>"; };
		3AD9272924985D40000AEFC8 /* RecordsViewModel.swift */ = {isa = PBXFileReference; lastKnownFileType = sourcecode.swift; path = RecordsViewModel.swift; sourceTree = "<group>"; };
		3AD9272C24985DF7000AEFC8 /* RecordsResponse.swift */ = {isa = PBXFileReference; lastKnownFileType = sourcecode.swift; path = RecordsResponse.swift; sourceTree = "<group>"; };
		3AD927312498ACB7000AEFC8 /* records.json */ = {isa = PBXFileReference; lastKnownFileType = text.json; path = records.json; sourceTree = "<group>"; };
		3AD927332498B8B4000AEFC8 /* ScaleResponse.swift */ = {isa = PBXFileReference; lastKnownFileType = sourcecode.swift; path = ScaleResponse.swift; sourceTree = "<group>"; };
		3AD927352498B954000AEFC8 /* ScaleViewModel.swift */ = {isa = PBXFileReference; lastKnownFileType = sourcecode.swift; path = ScaleViewModel.swift; sourceTree = "<group>"; };
		3AD9273824995D2E000AEFC8 /* FreeBag.swift */ = {isa = PBXFileReference; lastKnownFileType = sourcecode.swift; path = FreeBag.swift; sourceTree = "<group>"; };
		3AD9273B24996010000AEFC8 /* CreditsResponse.swift */ = {isa = PBXFileReference; lastKnownFileType = sourcecode.swift; path = CreditsResponse.swift; sourceTree = "<group>"; };
		3AD9273D24996059000AEFC8 /* CreditsViewModel.swift */ = {isa = PBXFileReference; lastKnownFileType = sourcecode.swift; path = CreditsViewModel.swift; sourceTree = "<group>"; };
		3AE00E0025462EC3001D0454 /* OrderDetailView.swift */ = {isa = PBXFileReference; lastKnownFileType = sourcecode.swift; path = OrderDetailView.swift; sourceTree = "<group>"; };
		3AF296B1249E17D2004BADE8 /* ListSettingsPicker.swift */ = {isa = PBXFileReference; lastKnownFileType = sourcecode.swift; path = ListSettingsPicker.swift; sourceTree = "<group>"; };
		3AF296B3249E17E1004BADE8 /* ToggleSettingsPicker.swift */ = {isa = PBXFileReference; lastKnownFileType = sourcecode.swift; path = ToggleSettingsPicker.swift; sourceTree = "<group>"; };
		3AF296B5249E27E2004BADE8 /* AutomaticOrderingView.swift */ = {isa = PBXFileReference; lastKnownFileType = sourcecode.swift; path = AutomaticOrderingView.swift; sourceTree = "<group>"; };
		3AF296B9249EDEA6004BADE8 /* PauseAccountViewModel.swift */ = {isa = PBXFileReference; lastKnownFileType = sourcecode.swift; path = PauseAccountViewModel.swift; sourceTree = "<group>"; };
		3AF296BB249F69E7004BADE8 /* AlertsView.swift */ = {isa = PBXFileReference; lastKnownFileType = sourcecode.swift; path = AlertsView.swift; sourceTree = "<group>"; };
		3AF4FC6524C8E65700A61940 /* LoggedInSidebar.swift */ = {isa = PBXFileReference; lastKnownFileType = sourcecode.swift; path = LoggedInSidebar.swift; sourceTree = "<group>"; };
		3AF4FC6724C9150E00A61940 /* NavItems.swift */ = {isa = PBXFileReference; lastKnownFileType = sourcecode.swift; path = NavItems.swift; sourceTree = "<group>"; };
/* End PBXFileReference section */

/* Begin PBXFrameworksBuildPhase section */
		3AD9268B2491547E000AEFC8 /* Frameworks */ = {
			isa = PBXFrameworksBuildPhase;
			buildActionMask = 2147483647;
			files = (
				3AD926CB2491CA7A000AEFC8 /* KeychainSwift in Frameworks */,
				3A6A97DA252E63240071DBB9 /* SwiftUICharts in Frameworks */,
			);
			runOnlyForDeploymentPostprocessing = 0;
		};
/* End PBXFrameworksBuildPhase section */

/* Begin PBXGroup section */
		3A0458D9249977BA00366F10 /* Account */ = {
			isa = PBXGroup;
			children = (
				3AF296BD249F69F3004BADE8 /* Preferences */,
				3A0458F5249CA3B100366F10 /* AccountView.swift */,
				3A0458DA249977CD00366F10 /* AccountSegmentView.swift */,
			);
			path = Account;
			sourceTree = "<group>";
		};
		3A6A950024C131330053DF8C /* Frameworks */ = {
			isa = PBXGroup;
			children = (
			);
			name = Frameworks;
			sourceTree = "<group>";
		};
		3AD926852491547D000AEFC8 = {
			isa = PBXGroup;
			children = (
				3AD926902491547E000AEFC8 /* Bottomless */,
				3AD9268F2491547E000AEFC8 /* Products */,
				3A6A950024C131330053DF8C /* Frameworks */,
			);
			sourceTree = "<group>";
		};
		3AD9268F2491547E000AEFC8 /* Products */ = {
			isa = PBXGroup;
			children = (
				3AD9268E2491547E000AEFC8 /* Bottomless.app */,
			);
			name = Products;
			sourceTree = "<group>";
		};
		3AD926902491547E000AEFC8 /* Bottomless */ = {
			isa = PBXGroup;
			children = (
				3AD926CE2491E366000AEFC8 /* Models */,
				3AD926B824915766000AEFC8 /* API */,
				3AD926C62491C6F7000AEFC8 /* View Models */,
				3AD926A52491553F000AEFC8 /* Views */,
				3AD9270924973ED0000AEFC8 /* Resources */,
				3AD926D4249311D3000AEFC8 /* Constants */,
				3AD926AB24915612000AEFC8 /* Common */,
				3AD926BF24917102000AEFC8 /* Extensions */,
				3A1C332E24C20ACA00411A5E /* App.swift */,
				3A1C333624C20E9300411A5E /* info.plist */,
				3AD926972491547F000AEFC8 /* Assets.xcassets */,
				3AD926992491547F000AEFC8 /* Preview Content */,
			);
			path = Bottomless;
			sourceTree = "<group>";
		};
		3AD926992491547F000AEFC8 /* Preview Content */ = {
			isa = PBXGroup;
			children = (
				3AD9269A2491547F000AEFC8 /* Preview Assets.xcassets */,
			);
			path = "Preview Content";
			sourceTree = "<group>";
		};
		3AD926A52491553F000AEFC8 /* Views */ = {
			isa = PBXGroup;
			children = (
				3AD926E4249333C7000AEFC8 /* Root */,
				3AD926BD24915908000AEFC8 /* LoggedInTabs */,
			);
			path = Views;
			sourceTree = "<group>";
		};
		3AD926AB24915612000AEFC8 /* Common */ = {
			isa = PBXGroup;
			children = (
				3AF296B0249E17B2004BADE8 /* Pickers */,
				3AD926E524933570000AEFC8 /* Auth */,
				3AD926E62493357C000AEFC8 /* Keyboard */,
				3AD926AE24915649000AEFC8 /* ButtonViews.swift */,
				3AD926AC24915621000AEFC8 /* TextModifiers.swift */,
				3A6A950324C13F410053DF8C /* ListModifiers.swift */,
				3AD926E724935419000AEFC8 /* SharedTextField.swift */,
				3AD926CC2491CCE1000AEFC8 /* PasswordField.swift */,
				3A0458DC2499780100366F10 /* ShareSheet.swift */,
				3A0458DE2499862900366F10 /* DateHelpers.swift */,
				3A0458E224998A6E00366F10 /* CurrencyHelpers.swift */,
			);
			path = Common;
			sourceTree = "<group>";
		};
		3AD926B824915766000AEFC8 /* API */ = {
			isa = PBXGroup;
			children = (
				3AD926B924915774000AEFC8 /* Store.swift */,
				3AD9270C24973FE1000AEFC8 /* MockData.swift */,
			);
			path = API;
			sourceTree = "<group>";
		};
		3AD926BD24915908000AEFC8 /* LoggedInTabs */ = {
			isa = PBXGroup;
			children = (
				3AF4FC6924C926A100A61940 /* Navigation */,
				3AD926ED24942C0E000AEFC8 /* ProfileView */,
				3AD926EE24942C1F000AEFC8 /* DataView */,
				3AD9273724995D15000AEFC8 /* Free Bag */,
				3A0458D9249977BA00366F10 /* Account */,
				3AD926EF24942C2D000AEFC8 /* SearchView */,
			);
			path = LoggedInTabs;
			sourceTree = "<group>";
		};
		3AD926BF24917102000AEFC8 /* Extensions */ = {
			isa = PBXGroup;
			children = (
				3AD926C024917121000AEFC8 /* UIApplication.swift */,
				3AD926C22491714A000AEFC8 /* View.swift */,
				3AD9270724972CB1000AEFC8 /* String.swift */,
				3A0458F7249D5E7C00366F10 /* Binding.swift */,
				3A0458FB249DC8E300366F10 /* Encodable.swift */,
			);
			path = Extensions;
			sourceTree = "<group>";
		};
		3AD926C62491C6F7000AEFC8 /* View Models */ = {
			isa = PBXGroup;
			children = (
				3AD926C72491C70A000AEFC8 /* LoginViewModel.swift */,
				3AD9271C2497FCAA000AEFC8 /* UpNextViewModel.swift */,
				3AD926FB2496BE87000AEFC8 /* InTransitionViewModel.swift */,
				3AD9272524981A85000AEFC8 /* OrdersViewModel.swift */,
				3AD9272924985D40000AEFC8 /* RecordsViewModel.swift */,
				3AD927352498B954000AEFC8 /* ScaleViewModel.swift */,
				3AD9273D24996059000AEFC8 /* CreditsViewModel.swift */,
				3A0458D72499775300366F10 /* AccountViewModel.swift */,
				3A0458FF249E13DE00366F10 /* OrderingStrategyViewModel.swift */,
				3AF296B9249EDEA6004BADE8 /* PauseAccountViewModel.swift */,
				3A0458F9249D634400366F10 /* AlertsViewModel.swift */,
				3A0458E62499C24E00366F10 /* SearchViewModel.swift */,
			);
			path = "View Models";
			sourceTree = "<group>";
		};
		3AD926CE2491E366000AEFC8 /* Models */ = {
			isa = PBXGroup;
			children = (
				3A0458E92499C37400366F10 /* ProductResponse.swift */,
				3A0458D524996F2400366F10 /* AccountResponse.swift */,
				3AD9273B24996010000AEFC8 /* CreditsResponse.swift */,
				3AD9272C24985DF7000AEFC8 /* RecordsResponse.swift */,
				3AD927332498B8B4000AEFC8 /* ScaleResponse.swift */,
				3AD9271A2497F84F000AEFC8 /* UpNextResponse.swift */,
				3AD926F924943500000AEFC8 /* InTransitionResponse.swift */,
				3AD92721249810E9000AEFC8 /* OrdersResponse.swift */,
				3AD926D12491E3B8000AEFC8 /* LoginResponse.swift */,
				3AD926EB24942009000AEFC8 /* ErrorLoginResponse.swift */,
				3AD926DC24932998000AEFC8 /* FormValidation.swift */,
				3AD926DE249329CD000AEFC8 /* User.swift */,
				3A0458F1249C9B0400366F10 /* ImageLoader.swift */,
			);
			path = Models;
			sourceTree = "<group>";
		};
		3AD926D4249311D3000AEFC8 /* Constants */ = {
			isa = PBXGroup;
			children = (
				3AD926D5249311F1000AEFC8 /* URLs.swift */,
				3AD926B024915679000AEFC8 /* Colors.swift */,
			);
			path = Constants;
			sourceTree = "<group>";
		};
		3AD926E4249333C7000AEFC8 /* Root */ = {
			isa = PBXGroup;
			children = (
				3AD926A9249155BF000AEFC8 /* RootView.swift */,
				3AD926A724915576000AEFC8 /* LoginView.swift */,
				3AD926E2249330F4000AEFC8 /* WelcomeView.swift */,
			);
			path = Root;
			sourceTree = "<group>";
		};
		3AD926E524933570000AEFC8 /* Auth */ = {
			isa = PBXGroup;
			children = (
				3AD926D824932904000AEFC8 /* AuthKeys.swift */,
				3AD926DA24932955000AEFC8 /* AuthenticationManager.swift */,
			);
			path = Auth;
			sourceTree = "<group>";
		};
		3AD926E62493357C000AEFC8 /* Keyboard */ = {
			isa = PBXGroup;
			children = (
				3AD926B4249156B0000AEFC8 /* KeyboardObserver.swift */,
				3AD926C424917360000AEFC8 /* KeyboardResign.swift */,
			);
			path = Keyboard;
			sourceTree = "<group>";
		};
		3AD926ED24942C0E000AEFC8 /* ProfileView */ = {
			isa = PBXGroup;
			children = (
				3AD926F024942C4A000AEFC8 /* OrdersView.swift */,
				3AD927162497F6F9000AEFC8 /* UpNextOrder.swift */,
				3AD926FD2496FCE4000AEFC8 /* InProgressOrder.swift */,
				3AD927142497F629000AEFC8 /* PastOrder.swift */,
				3A858C9524AD05B900F535D2 /* NoOrdersView.swift */,
				3AE00E0025462EC3001D0454 /* OrderDetailView.swift */,
			);
			path = ProfileView;
			sourceTree = "<group>";
		};
		3AD926EE24942C1F000AEFC8 /* DataView */ = {
			isa = PBXGroup;
			children = (
				3AD926F224942D0B000AEFC8 /* DataView.swift */,
				3A46478924AD1CE500B9D4B5 /* ScaleView.swift */,
			);
			path = DataView;
			sourceTree = "<group>";
		};
		3AD926EF24942C2D000AEFC8 /* SearchView */ = {
			isa = PBXGroup;
			children = (
				3AD926F424942D40000AEFC8 /* SearchView.swift */,
				3A0458E42499C16B00366F10 /* SearchBar.swift */,
				3A0458ED2499CEBE00366F10 /* SearchRow.swift */,
				3A0458EF2499D07200366F10 /* SearchDetailView.swift */,
			);
			path = SearchView;
			sourceTree = "<group>";
		};
		3AD9270924973ED0000AEFC8 /* Resources */ = {
			isa = PBXGroup;
			children = (
				3AD9271E249801CD000AEFC8 /* up-next.json */,
				3AD9270A24973EEC000AEFC8 /* in-transition.json */,
				3AD9272324981A5A000AEFC8 /* orders.json */,
				3AD927312498ACB7000AEFC8 /* records.json */,
				3A0458EB2499CC1100366F10 /* products.json */,
			);
			path = Resources;
			sourceTree = "<group>";
		};
		3AD9273724995D15000AEFC8 /* Free Bag */ = {
			isa = PBXGroup;
			children = (
				3AD9273824995D2E000AEFC8 /* FreeBag.swift */,
			);
			path = "Free Bag";
			sourceTree = "<group>";
		};
		3AF296B0249E17B2004BADE8 /* Pickers */ = {
			isa = PBXGroup;
			children = (
				3AF296B1249E17D2004BADE8 /* ListSettingsPicker.swift */,
				3AF296B3249E17E1004BADE8 /* ToggleSettingsPicker.swift */,
			);
			path = Pickers;
			sourceTree = "<group>";
		};
		3AF296BD249F69F3004BADE8 /* Preferences */ = {
			isa = PBXGroup;
			children = (
				3A0458F3249CA37F00366F10 /* SettingsSegmentView.swift */,
				3A0458FD249E11BC00366F10 /* OrderingStrategyView.swift */,
				3AF296B5249E27E2004BADE8 /* AutomaticOrderingView.swift */,
				3A73055A24D36DC700E71882 /* AutomaticOrderingToggle.swift */,
				3AF296BB249F69E7004BADE8 /* AlertsView.swift */,
			);
			path = Preferences;
			sourceTree = "<group>";
		};
		3AF4FC6924C926A100A61940 /* Navigation */ = {
			isa = PBXGroup;
			children = (
				3AF4FC6724C9150E00A61940 /* NavItems.swift */,
				3AD926952491547E000AEFC8 /* LoggedInTabsView.swift */,
				3AF4FC6524C8E65700A61940 /* LoggedInSidebar.swift */,
			);
			path = Navigation;
			sourceTree = "<group>";
		};
/* End PBXGroup section */

/* Begin PBXNativeTarget section */
		3AD9268D2491547E000AEFC8 /* Bottomless */ = {
			isa = PBXNativeTarget;
			buildConfigurationList = 3AD926A22491547F000AEFC8 /* Build configuration list for PBXNativeTarget "Bottomless" */;
			buildPhases = (
				3AD9268A2491547E000AEFC8 /* Sources */,
				3AD9268B2491547E000AEFC8 /* Frameworks */,
				3AD9268C2491547E000AEFC8 /* Resources */,
				3AD926D32491EC04000AEFC8 /* Swiftformat */,
			);
			buildRules = (
			);
			dependencies = (
			);
			name = Bottomless;
			packageProductDependencies = (
				3AD926CA2491CA7A000AEFC8 /* KeychainSwift */,
				3A6A97D9252E63240071DBB9 /* SwiftUICharts */,
			);
			productName = Bottomless;
			productReference = 3AD9268E2491547E000AEFC8 /* Bottomless.app */;
			productType = "com.apple.product-type.application";
		};
/* End PBXNativeTarget section */

/* Begin PBXProject section */
		3AD926862491547D000AEFC8 /* Project object */ = {
			isa = PBXProject;
			attributes = {
				LastSwiftUpdateCheck = 1150;
				LastUpgradeCheck = 1200;
				ORGANIZATIONNAME = "Drew Volz";
				TargetAttributes = {
					3AD9268D2491547E000AEFC8 = {
						CreatedOnToolsVersion = 11.5;
					};
				};
			};
			buildConfigurationList = 3AD926892491547D000AEFC8 /* Build configuration list for PBXProject "Bottomless" */;
			compatibilityVersion = "Xcode 9.3";
			developmentRegion = en;
			hasScannedForEncodings = 0;
			knownRegions = (
				en,
				Base,
			);
			mainGroup = 3AD926852491547D000AEFC8;
			packageReferences = (
				3AD926C92491CA7A000AEFC8 /* XCRemoteSwiftPackageReference "keychain-swift" */,
				3A6A97D8252E63240071DBB9 /* XCRemoteSwiftPackageReference "SwiftUICharts" */,
			);
			productRefGroup = 3AD9268F2491547E000AEFC8 /* Products */;
			projectDirPath = "";
			projectRoot = "";
			targets = (
				3AD9268D2491547E000AEFC8 /* Bottomless */,
			);
		};
/* End PBXProject section */

/* Begin PBXResourcesBuildPhase section */
		3AD9268C2491547E000AEFC8 /* Resources */ = {
			isa = PBXResourcesBuildPhase;
			buildActionMask = 2147483647;
			files = (
				3AD9272424981A5A000AEFC8 /* orders.json in Resources */,
				3AD927322498ACB7000AEFC8 /* records.json in Resources */,
				3AD9270B24973EEC000AEFC8 /* in-transition.json in Resources */,
				3AD9269B2491547F000AEFC8 /* Preview Assets.xcassets in Resources */,
				3AD926982491547F000AEFC8 /* Assets.xcassets in Resources */,
				3AD9271F249801CD000AEFC8 /* up-next.json in Resources */,
				3A0458EC2499CC1100366F10 /* products.json in Resources */,
			);
			runOnlyForDeploymentPostprocessing = 0;
		};
/* End PBXResourcesBuildPhase section */

/* Begin PBXShellScriptBuildPhase section */
		3AD926D32491EC04000AEFC8 /* Swiftformat */ = {
			isa = PBXShellScriptBuildPhase;
			buildActionMask = 2147483647;
			files = (
			);
			inputFileListPaths = (
			);
			inputPaths = (
			);
			name = Swiftformat;
			outputFileListPaths = (
			);
			outputPaths = (
			);
			runOnlyForDeploymentPostprocessing = 0;
			shellPath = /bin/sh;
			shellScript = "if which swiftformat >/dev/null; then\n  swiftformat . --swiftversion 5.0\nelse\n  echo \"warning: SwiftFormat not installed, download from https://github.com/nicklockwood/SwiftFormat\"\nfi\n";
		};
/* End PBXShellScriptBuildPhase section */

/* Begin PBXSourcesBuildPhase section */
		3AD9268A2491547E000AEFC8 /* Sources */ = {
			isa = PBXSourcesBuildPhase;
			buildActionMask = 2147483647;
			files = (
				3AD926C124917121000AEFC8 /* UIApplication.swift in Sources */,
				3A73055B24D36DC700E71882 /* AutomaticOrderingToggle.swift in Sources */,
				3AF4FC6824C9150E00A61940 /* NavItems.swift in Sources */,
				3AD927172497F6F9000AEFC8 /* UpNextOrder.swift in Sources */,
				3AD9272A24985D41000AEFC8 /* RecordsViewModel.swift in Sources */,
				3AD926B5249156B0000AEFC8 /* KeyboardObserver.swift in Sources */,
				3AD926C524917360000AEFC8 /* KeyboardResign.swift in Sources */,
				3A0458D82499775300366F10 /* AccountViewModel.swift in Sources */,
				3AD926AF24915649000AEFC8 /* ButtonViews.swift in Sources */,
				3AD926C82491C70A000AEFC8 /* LoginViewModel.swift in Sources */,
				3AD92722249810E9000AEFC8 /* OrdersResponse.swift in Sources */,
				3AF296BA249EDEA6004BADE8 /* PauseAccountViewModel.swift in Sources */,
				3AF296B6249E27E2004BADE8 /* AutomaticOrderingView.swift in Sources */,
				3A0458DB249977CD00366F10 /* AccountSegmentView.swift in Sources */,
				3A0458FE249E11BC00366F10 /* OrderingStrategyView.swift in Sources */,
				3AD9270D24973FE1000AEFC8 /* MockData.swift in Sources */,
				3AD9272D24985DF7000AEFC8 /* RecordsResponse.swift in Sources */,
				3AD926BA24915774000AEFC8 /* Store.swift in Sources */,
				3AD926D924932904000AEFC8 /* AuthKeys.swift in Sources */,
				3A6A950424C13F410053DF8C /* ListModifiers.swift in Sources */,
				3A0458F6249CA3B100366F10 /* AccountView.swift in Sources */,
				3AD926F124942C4A000AEFC8 /* OrdersView.swift in Sources */,
				3AD926F324942D0B000AEFC8 /* DataView.swift in Sources */,
				3AD927362498B954000AEFC8 /* ScaleViewModel.swift in Sources */,
				3A0458DF2499862900366F10 /* DateHelpers.swift in Sources */,
				3A0458F8249D5E7C00366F10 /* Binding.swift in Sources */,
				3AF296BC249F69E7004BADE8 /* AlertsView.swift in Sources */,
				3AD926E824935419000AEFC8 /* SharedTextField.swift in Sources */,
				3AD926DB24932955000AEFC8 /* AuthenticationManager.swift in Sources */,
				3AD9271D2497FCAA000AEFC8 /* UpNextViewModel.swift in Sources */,
				3A0458F2249C9B0400366F10 /* ImageLoader.swift in Sources */,
				3AD9272624981A85000AEFC8 /* OrdersViewModel.swift in Sources */,
				3A0458F4249CA37F00366F10 /* SettingsSegmentView.swift in Sources */,
				3A858C9624AD05B900F535D2 /* NoOrdersView.swift in Sources */,
				3AD926B124915679000AEFC8 /* Colors.swift in Sources */,
				3A0458F02499D07200366F10 /* SearchDetailView.swift in Sources */,
				3AD926CD2491CCE1000AEFC8 /* PasswordField.swift in Sources */,
				3AF4FC6624C8E65700A61940 /* LoggedInSidebar.swift in Sources */,
				3AD9273C24996010000AEFC8 /* CreditsResponse.swift in Sources */,
				3A46478A24AD1CE500B9D4B5 /* ScaleView.swift in Sources */,
				3AD9273924995D2E000AEFC8 /* FreeBag.swift in Sources */,
				3AD926AA249155BF000AEFC8 /* RootView.swift in Sources */,
				3A0458FA249D634400366F10 /* AlertsViewModel.swift in Sources */,
				3AF296B2249E17D2004BADE8 /* ListSettingsPicker.swift in Sources */,
				3AD9273E24996059000AEFC8 /* CreditsViewModel.swift in Sources */,
				3AD926D22491E3B8000AEFC8 /* LoginResponse.swift in Sources */,
				3A0458FC249DC8E300366F10 /* Encodable.swift in Sources */,
				3A0458EE2499CEBE00366F10 /* SearchRow.swift in Sources */,
				3A0458DD2499780100366F10 /* ShareSheet.swift in Sources */,
				3A0458EA2499C37400366F10 /* ProductResponse.swift in Sources */,
				3AD926AD24915621000AEFC8 /* TextModifiers.swift in Sources */,
				3A0458E324998A6E00366F10 /* CurrencyHelpers.swift in Sources */,
				3AD926FC2496BE87000AEFC8 /* InTransitionViewModel.swift in Sources */,
				3AD927342498B8B4000AEFC8 /* ScaleResponse.swift in Sources */,
				3AD926A824915576000AEFC8 /* LoginView.swift in Sources */,
				3AD926F524942D40000AEFC8 /* SearchView.swift in Sources */,
				3AD9271B2497F84F000AEFC8 /* UpNextResponse.swift in Sources */,
				3A0458E52499C16B00366F10 /* SearchBar.swift in Sources */,
				3AD926C32491714A000AEFC8 /* View.swift in Sources */,
				3AD926E3249330F4000AEFC8 /* WelcomeView.swift in Sources */,
				3AD926D6249311F1000AEFC8 /* URLs.swift in Sources */,
				3AF296B4249E17E1004BADE8 /* ToggleSettingsPicker.swift in Sources */,
				3A0458D624996F2400366F10 /* AccountResponse.swift in Sources */,
				3AD926FA24943500000AEFC8 /* InTransitionResponse.swift in Sources */,
				3AD926DD24932998000AEFC8 /* FormValidation.swift in Sources */,
				3AD926FE2496FCE4000AEFC8 /* InProgressOrder.swift in Sources */,
				3A0458E72499C24E00366F10 /* SearchViewModel.swift in Sources */,
				3A1C332F24C20ACA00411A5E /* App.swift in Sources */,
				3AD927152497F629000AEFC8 /* PastOrder.swift in Sources */,
				3AD926EC24942009000AEFC8 /* ErrorLoginResponse.swift in Sources */,
				3AD9270824972CB1000AEFC8 /* String.swift in Sources */,
				3AD926962491547E000AEFC8 /* LoggedInTabsView.swift in Sources */,
				3A045900249E13DE00366F10 /* OrderingStrategyViewModel.swift in Sources */,
				3AD926DF249329CD000AEFC8 /* User.swift in Sources */,
				3AE00E0125462EC3001D0454 /* OrderDetailView.swift in Sources */,
			);
			runOnlyForDeploymentPostprocessing = 0;
		};
/* End PBXSourcesBuildPhase section */

/* Begin XCBuildConfiguration section */
		3AD926A02491547F000AEFC8 /* Debug */ = {
			isa = XCBuildConfiguration;
			buildSettings = {
				ALWAYS_SEARCH_USER_PATHS = NO;
				CLANG_ANALYZER_NONNULL = YES;
				CLANG_ANALYZER_NUMBER_OBJECT_CONVERSION = YES_AGGRESSIVE;
				CLANG_CXX_LANGUAGE_STANDARD = "gnu++14";
				CLANG_CXX_LIBRARY = "libc++";
				CLANG_ENABLE_MODULES = YES;
				CLANG_ENABLE_OBJC_ARC = YES;
				CLANG_ENABLE_OBJC_WEAK = YES;
				CLANG_WARN_BLOCK_CAPTURE_AUTORELEASING = YES;
				CLANG_WARN_BOOL_CONVERSION = YES;
				CLANG_WARN_COMMA = YES;
				CLANG_WARN_CONSTANT_CONVERSION = YES;
				CLANG_WARN_DEPRECATED_OBJC_IMPLEMENTATIONS = YES;
				CLANG_WARN_DIRECT_OBJC_ISA_USAGE = YES_ERROR;
				CLANG_WARN_DOCUMENTATION_COMMENTS = YES;
				CLANG_WARN_EMPTY_BODY = YES;
				CLANG_WARN_ENUM_CONVERSION = YES;
				CLANG_WARN_INFINITE_RECURSION = YES;
				CLANG_WARN_INT_CONVERSION = YES;
				CLANG_WARN_NON_LITERAL_NULL_CONVERSION = YES;
				CLANG_WARN_OBJC_IMPLICIT_RETAIN_SELF = YES;
				CLANG_WARN_OBJC_LITERAL_CONVERSION = YES;
				CLANG_WARN_OBJC_ROOT_CLASS = YES_ERROR;
				CLANG_WARN_QUOTED_INCLUDE_IN_FRAMEWORK_HEADER = YES;
				CLANG_WARN_RANGE_LOOP_ANALYSIS = YES;
				CLANG_WARN_STRICT_PROTOTYPES = YES;
				CLANG_WARN_SUSPICIOUS_MOVE = YES;
				CLANG_WARN_UNGUARDED_AVAILABILITY = YES_AGGRESSIVE;
				CLANG_WARN_UNREACHABLE_CODE = YES;
				CLANG_WARN__DUPLICATE_METHOD_MATCH = YES;
				COPY_PHASE_STRIP = NO;
				DEBUG_INFORMATION_FORMAT = dwarf;
				ENABLE_STRICT_OBJC_MSGSEND = YES;
				ENABLE_TESTABILITY = YES;
				GCC_C_LANGUAGE_STANDARD = gnu11;
				GCC_DYNAMIC_NO_PIC = NO;
				GCC_NO_COMMON_BLOCKS = YES;
				GCC_OPTIMIZATION_LEVEL = 0;
				GCC_PREPROCESSOR_DEFINITIONS = (
					"DEBUG=1",
					"$(inherited)",
				);
				GCC_WARN_64_TO_32_BIT_CONVERSION = YES;
				GCC_WARN_ABOUT_RETURN_TYPE = YES_ERROR;
				GCC_WARN_UNDECLARED_SELECTOR = YES;
				GCC_WARN_UNINITIALIZED_AUTOS = YES_AGGRESSIVE;
				GCC_WARN_UNUSED_FUNCTION = YES;
				GCC_WARN_UNUSED_VARIABLE = YES;
				IPHONEOS_DEPLOYMENT_TARGET = 13.5;
				MTL_ENABLE_DEBUG_INFO = INCLUDE_SOURCE;
				MTL_FAST_MATH = YES;
				ONLY_ACTIVE_ARCH = YES;
				SDKROOT = iphoneos;
				SWIFT_ACTIVE_COMPILATION_CONDITIONS = DEBUG;
				SWIFT_OPTIMIZATION_LEVEL = "-Onone";
			};
			name = Debug;
		};
		3AD926A12491547F000AEFC8 /* Release */ = {
			isa = XCBuildConfiguration;
			buildSettings = {
				ALWAYS_SEARCH_USER_PATHS = NO;
				CLANG_ANALYZER_NONNULL = YES;
				CLANG_ANALYZER_NUMBER_OBJECT_CONVERSION = YES_AGGRESSIVE;
				CLANG_CXX_LANGUAGE_STANDARD = "gnu++14";
				CLANG_CXX_LIBRARY = "libc++";
				CLANG_ENABLE_MODULES = YES;
				CLANG_ENABLE_OBJC_ARC = YES;
				CLANG_ENABLE_OBJC_WEAK = YES;
				CLANG_WARN_BLOCK_CAPTURE_AUTORELEASING = YES;
				CLANG_WARN_BOOL_CONVERSION = YES;
				CLANG_WARN_COMMA = YES;
				CLANG_WARN_CONSTANT_CONVERSION = YES;
				CLANG_WARN_DEPRECATED_OBJC_IMPLEMENTATIONS = YES;
				CLANG_WARN_DIRECT_OBJC_ISA_USAGE = YES_ERROR;
				CLANG_WARN_DOCUMENTATION_COMMENTS = YES;
				CLANG_WARN_EMPTY_BODY = YES;
				CLANG_WARN_ENUM_CONVERSION = YES;
				CLANG_WARN_INFINITE_RECURSION = YES;
				CLANG_WARN_INT_CONVERSION = YES;
				CLANG_WARN_NON_LITERAL_NULL_CONVERSION = YES;
				CLANG_WARN_OBJC_IMPLICIT_RETAIN_SELF = YES;
				CLANG_WARN_OBJC_LITERAL_CONVERSION = YES;
				CLANG_WARN_OBJC_ROOT_CLASS = YES_ERROR;
				CLANG_WARN_QUOTED_INCLUDE_IN_FRAMEWORK_HEADER = YES;
				CLANG_WARN_RANGE_LOOP_ANALYSIS = YES;
				CLANG_WARN_STRICT_PROTOTYPES = YES;
				CLANG_WARN_SUSPICIOUS_MOVE = YES;
				CLANG_WARN_UNGUARDED_AVAILABILITY = YES_AGGRESSIVE;
				CLANG_WARN_UNREACHABLE_CODE = YES;
				CLANG_WARN__DUPLICATE_METHOD_MATCH = YES;
				COPY_PHASE_STRIP = NO;
				DEBUG_INFORMATION_FORMAT = "dwarf-with-dsym";
				ENABLE_NS_ASSERTIONS = NO;
				ENABLE_STRICT_OBJC_MSGSEND = YES;
				GCC_C_LANGUAGE_STANDARD = gnu11;
				GCC_NO_COMMON_BLOCKS = YES;
				GCC_WARN_64_TO_32_BIT_CONVERSION = YES;
				GCC_WARN_ABOUT_RETURN_TYPE = YES_ERROR;
				GCC_WARN_UNDECLARED_SELECTOR = YES;
				GCC_WARN_UNINITIALIZED_AUTOS = YES_AGGRESSIVE;
				GCC_WARN_UNUSED_FUNCTION = YES;
				GCC_WARN_UNUSED_VARIABLE = YES;
				IPHONEOS_DEPLOYMENT_TARGET = 13.5;
				MTL_ENABLE_DEBUG_INFO = NO;
				MTL_FAST_MATH = YES;
				SDKROOT = iphoneos;
				SWIFT_COMPILATION_MODE = wholemodule;
				SWIFT_OPTIMIZATION_LEVEL = "-O";
				VALIDATE_PRODUCT = YES;
			};
			name = Release;
		};
		3AD926A32491547F000AEFC8 /* Debug */ = {
			isa = XCBuildConfiguration;
			buildSettings = {
				ASSETCATALOG_COMPILER_APPICON_NAME = AppIcon;
				CODE_SIGN_STYLE = Automatic;
				DEVELOPMENT_ASSET_PATHS = "\"Bottomless/Preview Content\"";
				DEVELOPMENT_TEAM = NFMTHAZVS9;
				ENABLE_PREVIEWS = YES;
				INFOPLIST_FILE = "$(SRCROOT)/info.plist";
				IPHONEOS_DEPLOYMENT_TARGET = 14.0;
				LD_RUNPATH_SEARCH_PATHS = (
					"$(inherited)",
					"@executable_path/Frameworks",
				);
				PRODUCT_BUNDLE_IDENTIFIER = com.drewvolz.Bottomless;
				PRODUCT_NAME = "$(TARGET_NAME)";
				SWIFT_VERSION = 5.0;
				TARGETED_DEVICE_FAMILY = "1,2";
			};
			name = Debug;
		};
		3AD926A42491547F000AEFC8 /* Release */ = {
			isa = XCBuildConfiguration;
			buildSettings = {
				ASSETCATALOG_COMPILER_APPICON_NAME = AppIcon;
				CODE_SIGN_STYLE = Automatic;
				DEVELOPMENT_ASSET_PATHS = "\"Bottomless/Preview Content\"";
				DEVELOPMENT_TEAM = NFMTHAZVS9;
				ENABLE_PREVIEWS = YES;
				INFOPLIST_FILE = "$(SRCROOT)/info.plist";
				IPHONEOS_DEPLOYMENT_TARGET = 14.0;
				LD_RUNPATH_SEARCH_PATHS = (
					"$(inherited)",
					"@executable_path/Frameworks",
				);
				PRODUCT_BUNDLE_IDENTIFIER = com.drewvolz.Bottomless;
				PRODUCT_NAME = "$(TARGET_NAME)";
				SWIFT_VERSION = 5.0;
				TARGETED_DEVICE_FAMILY = "1,2";
			};
			name = Release;
		};
/* End XCBuildConfiguration section */

/* Begin XCConfigurationList section */
		3AD926892491547D000AEFC8 /* Build configuration list for PBXProject "Bottomless" */ = {
			isa = XCConfigurationList;
			buildConfigurations = (
				3AD926A02491547F000AEFC8 /* Debug */,
				3AD926A12491547F000AEFC8 /* Release */,
			);
			defaultConfigurationIsVisible = 0;
			defaultConfigurationName = Release;
		};
		3AD926A22491547F000AEFC8 /* Build configuration list for PBXNativeTarget "Bottomless" */ = {
			isa = XCConfigurationList;
			buildConfigurations = (
				3AD926A32491547F000AEFC8 /* Debug */,
				3AD926A42491547F000AEFC8 /* Release */,
			);
			defaultConfigurationIsVisible = 0;
			defaultConfigurationName = Release;
		};
/* End XCConfigurationList section */

/* Begin XCRemoteSwiftPackageReference section */
		3A6A97D8252E63240071DBB9 /* XCRemoteSwiftPackageReference "SwiftUICharts" */ = {
			isa = XCRemoteSwiftPackageReference;
			repositoryURL = "https://github.com/mecid/SwiftUICharts.git";
			requirement = {
				kind = upToNextMajorVersion;
				minimumVersion = 0.3.1;
			};
		};
		3AD926C92491CA7A000AEFC8 /* XCRemoteSwiftPackageReference "keychain-swift" */ = {
			isa = XCRemoteSwiftPackageReference;
			repositoryURL = "https://github.com/evgenyneu/keychain-swift.git";
			requirement = {
				kind = upToNextMajorVersion;
				minimumVersion = 19.0.0;
			};
		};
/* End XCRemoteSwiftPackageReference section */

/* Begin XCSwiftPackageProductDependency section */
		3A6A97D9252E63240071DBB9 /* SwiftUICharts */ = {
			isa = XCSwiftPackageProductDependency;
			package = 3A6A97D8252E63240071DBB9 /* XCRemoteSwiftPackageReference "SwiftUICharts" */;
			productName = SwiftUICharts;
		};
		3AD926CA2491CA7A000AEFC8 /* KeychainSwift */ = {
			isa = XCSwiftPackageProductDependency;
			package = 3AD926C92491CA7A000AEFC8 /* XCRemoteSwiftPackageReference "keychain-swift" */;
			productName = KeychainSwift;
		};
/* End XCSwiftPackageProductDependency section */
	};
	rootObject = 3AD926862491547D000AEFC8 /* Project object */;
}
